
Microsoft Visual Studio Solution File, Format Version 12.00
# Visual Studio Version 17
VisualStudioVersion = 17.14.36203.30 d17.14
MinimumVisualStudioVersion = 10.0.40219.1
Project("{FAE04EC0-301F-11D3-BF4B-00C04F79EFBC}") = "demoBackend", "demoBackend.csproj", "{6AC93F34-0886-448F-89D3-CA4BC49F0AC2}"
EndProject
Global
	GlobalSection(SolutionConfigurationPlatforms) = preSolution
		Debug|Any CPU = Debug|Any CPU
		Release|Any CPU = Release|Any CPU
	EndGlobalSection
	GlobalSection(ProjectConfigurationPlatforms) = postSolution
		{6AC93F34-0886-448F-89D3-CA4BC49F0AC2}.Debug|Any CPU.ActiveCfg = Debug|Any CPU
		{6AC93F34-0886-448F-89D3-CA4BC49F0AC2}.Debug|Any CPU.Build.0 = Debug|Any CPU
		{6AC93F34-0886-448F-89D3-CA4BC49F0AC2}.Release|Any CPU.ActiveCfg = Release|Any CPU
		{6AC93F34-0886-448F-89D3-CA4BC49F0AC2}.Release|Any CPU.Build.0 = Release|Any CPU
	EndGlobalSection
	GlobalSection(SolutionProperties) = preSolution
		HideSolutionNode = FALSE
	EndGlobalSection
	GlobalSection(ExtensibilityGlobals) = postSolution
		SolutionGuid = {32F48F5E-9F40-49F6-85AE-EC62D05B89C7}
	EndGlobalSection
EndGlobal
